
Microsoft Visual Studio Solution File, Format Version 12.00
# Visual Studio Version 17
VisualStudioVersion = 17.9.34622.214
MinimumVisualStudioVersion = 10.0.40219.1
Project("{FAE04EC0-301F-11D3-BF4B-00C04F79EFBC}") = "WinFormsApp1", "WinFormsApp1.csproj", "{CA046E5A-17D6-4B37-A63D-6A523B98F6CE}"
EndProject
Global
	GlobalSection(SolutionConfigurationPlatforms) = preSolution
		Debug|Any CPU = Debug|Any CPU
		Release|Any CPU = Release|Any CPU
	EndGlobalSection
	GlobalSection(ProjectConfigurationPlatforms) = postSolution
		{CA046E5A-17D6-4B37-A63D-6A523B98F6CE}.Debug|Any CPU.ActiveCfg = Debug|Any CPU
		{CA046E5A-17D6-4B37-A63D-6A523B98F6CE}.Debug|Any CPU.Build.0 = Debug|Any CPU
		{CA046E5A-17D6-4B37-A63D-6A523B98F6CE}.Release|Any CPU.ActiveCfg = Release|Any CPU
		{CA046E5A-17D6-4B37-A63D-6A523B98F6CE}.Release|Any CPU.Build.0 = Release|Any CPU
	EndGlobalSection
	GlobalSection(SolutionProperties) = preSolution
		HideSolutionNode = FALSE
	EndGlobalSection
	GlobalSection(ExtensibilityGlobals) = postSolution
		SolutionGuid = {C4FEC12E-06D1-49A8-A1FB-F7F7A7A1E49B}
	EndGlobalSection
EndGlobal
